{
  "version": 4,
  "terraform_version": "1.4.0",
  "serial": 11,
  "lineage": "fa72d047-4a2c-cb8f-d5d4-8d76b097e90e",
  "outputs": {},
  "resources": [
    {
      "mode": "managed",
      "type": "aws_ssm_parameter",
      "name": "enviroment",
      "provider": "provider[\"registry.terraform.io/hashicorp/aws\"]",
      "instances": [
        {
          "schema_version": 0,
          "attributes": {
            "allowed_pattern": "",
            "arn": "arn:aws:ssm:us-east-1:097084951758:parameter/env",
            "data_type": "text",
            "description": "",
            "id": "env",
            "insecure_value": null,
            "key_id": "",
            "name": "env",
            "overwrite": null,
            "tags": null,
            "tags_all": {},
            "tier": "Standard",
            "type": "String",
            "value": "prod",
            "version": 1
          },
          "sensitive_attributes": [],
          "private": "bnVsbA=="
        }
      ]
    }
  ],
  "check_results": null
}
